
Microsoft Visual Studio Solution File, Format Version 12.00
# Visual Studio Version 17
VisualStudioVersion = 17.2.32516.85
MinimumVisualStudioVersion = 10.0.40219.1
Project("{FAE04EC0-301F-11D3-BF4B-00C04F79EFBC}") = "RMDataManager", "RMDataManager\RMDataManager.csproj", "{4F355AC7-281A-46B2-9262-94E22AC58A02}"
EndProject
Project("{00D1A9C2-B5F0-4AF3-8072-F6C62B433612}") = "RMData", "RMData\RMData.sqlproj", "{290B771E-46AC-4DE7-9F65-8339F9580E6E}"
EndProject
Global
	GlobalSection(SolutionConfigurationPlatforms) = preSolution
		Debug|Any CPU = Debug|Any CPU
		Release|Any CPU = Release|Any CPU
	EndGlobalSection
	GlobalSection(ProjectConfigurationPlatforms) = postSolution
		{4F355AC7-281A-46B2-9262-94E22AC58A02}.Debug|Any CPU.ActiveCfg = Debug|Any CPU
		{4F355AC7-281A-46B2-9262-94E22AC58A02}.Debug|Any CPU.Build.0 = Debug|Any CPU
		{4F355AC7-281A-46B2-9262-94E22AC58A02}.Release|Any CPU.ActiveCfg = Release|Any CPU
		{4F355AC7-281A-46B2-9262-94E22AC58A02}.Release|Any CPU.Build.0 = Release|Any CPU
		{290B771E-46AC-4DE7-9F65-8339F9580E6E}.Debug|Any CPU.ActiveCfg = Debug|Any CPU
		{290B771E-46AC-4DE7-9F65-8339F9580E6E}.Debug|Any CPU.Build.0 = Debug|Any CPU
		{290B771E-46AC-4DE7-9F65-8339F9580E6E}.Debug|Any CPU.Deploy.0 = Debug|Any CPU
		{290B771E-46AC-4DE7-9F65-8339F9580E6E}.Release|Any CPU.ActiveCfg = Release|Any CPU
		{290B771E-46AC-4DE7-9F65-8339F9580E6E}.Release|Any CPU.Build.0 = Release|Any CPU
		{290B771E-46AC-4DE7-9F65-8339F9580E6E}.Release|Any CPU.Deploy.0 = Release|Any CPU
	EndGlobalSection
	GlobalSection(SolutionProperties) = preSolution
		HideSolutionNode = FALSE
	EndGlobalSection
	GlobalSection(ExtensibilityGlobals) = postSolution
		SolutionGuid = {4035B571-091F-4458-BEF6-FF6D9BA224C6}
	EndGlobalSection
EndGlobal
